{
  "version": 4,
  "terraform_version": "1.13.1",
  "serial": 17,
  "lineage": "0d4c1117-4664-fab5-714e-bd393ed9802c",
  "outputs": {},
  "resources": [
    {
      "mode": "managed",
      "type": "aws_instance",
      "name": "airflow_instance",
      "provider": "provider[\"registry.terraform.io/hashicorp/aws\"]",
      "instances": [
        {
          "schema_version": 2,
          "attributes": {
            "ami": "ami-0ba5fd8ce786c1351",
            "arn": "arn:aws:ec2:us-east-1:190249220592:instance/i-09d06447ec8c254b2",
            "associate_public_ip_address": true,
            "availability_zone": "us-east-1b",
            "capacity_reservation_specification": [
              {
                "capacity_reservation_preference": "open",
                "capacity_reservation_target": []
              }
            ],
            "cpu_options": [
              {
                "amd_sev_snp": "",
                "core_count": 2,
                "threads_per_core": 1
              }
            ],
            "credit_specification": [],
            "disable_api_stop": false,
            "disable_api_termination": false,
            "ebs_block_device": [],
            "ebs_optimized": false,
            "enable_primary_ipv6": null,
            "enclave_options": [
              {
                "enabled": false
              }
            ],
            "ephemeral_block_device": [],
            "force_destroy": false,
            "get_password_data": false,
            "hibernation": false,
            "host_id": "",
            "host_resource_group_arn": null,
            "iam_instance_profile": "",
            "id": "i-09d06447ec8c254b2",
            "instance_initiated_shutdown_behavior": "stop",
            "instance_lifecycle": "",
            "instance_market_options": [],
            "instance_state": "running",
            "instance_type": "m8g.large",
            "ipv6_address_count": 0,
            "ipv6_addresses": [],
            "key_name": "airflow_instance_key",
            "launch_template": [],
            "maintenance_options": [
              {
                "auto_recovery": "default"
              }
            ],
            "metadata_options": [
              {
                "http_endpoint": "enabled",
                "http_protocol_ipv6": "disabled",
                "http_put_response_hop_limit": 2,
                "http_tokens": "required",
                "instance_metadata_tags": "disabled"
              }
            ],
            "monitoring": false,
            "network_interface": [],
            "outpost_arn": "",
            "password_data": "",
            "placement_group": "",
            "placement_group_id": "",
            "placement_partition_number": 0,
            "primary_network_interface": [
              {
                "delete_on_termination": true,
                "network_interface_id": "eni-0c4ef8c8e02365ae5"
              }
            ],
            "primary_network_interface_id": "eni-0c4ef8c8e02365ae5",
            "private_dns": "ip-172-31-44-71.ec2.internal",
            "private_dns_name_options": [
              {
                "enable_resource_name_dns_a_record": false,
                "enable_resource_name_dns_aaaa_record": false,
                "hostname_type": "ip-name"
              }
            ],
            "private_ip": "172.31.44.71",
            "public_dns": "ec2-54-82-162-41.compute-1.amazonaws.com",
            "public_ip": "54.82.162.41",
            "region": "us-east-1",
            "root_block_device": [
              {
                "delete_on_termination": true,
                "device_name": "/dev/xvda",
                "encrypted": false,
                "iops": 3000,
                "kms_key_id": "",
                "tags": {},
                "tags_all": {},
                "throughput": 125,
                "volume_id": "vol-000dae204a9c599be",
                "volume_size": 8,
                "volume_type": "gp3"
              }
            ],
            "secondary_private_ips": [],
            "security_groups": [
              "AirflowWeb"
            ],
            "source_dest_check": true,
            "spot_instance_request_id": "",
            "subnet_id": "subnet-081f9a1054bdb3355",
            "tags": null,
            "tags_all": {},
            "tenancy": "default",
            "timeouts": null,
            "user_data": null,
            "user_data_base64": null,
            "user_data_replace_on_change": false,
            "volume_tags": null,
            "vpc_security_group_ids": [
              "sg-033a2dfde67ca421b"
            ]
          },
          "sensitive_attributes": [],
          "identity_schema_version": 0,
          "identity": {
            "account_id": "190249220592",
            "id": "i-09d06447ec8c254b2",
            "region": "us-east-1"
          },
          "private": "eyJlMmJmYjczMC1lY2FhLTExZTYtOGY4OC0zNDM2M2JjN2M0YzAiOnsiY3JlYXRlIjo2MDAwMDAwMDAwMDAsImRlbGV0ZSI6MTIwMDAwMDAwMDAwMCwicmVhZCI6OTAwMDAwMDAwMDAwLCJ1cGRhdGUiOjYwMDAwMDAwMDAwMH0sInNjaGVtYV92ZXJzaW9uIjoiMiJ9",
          "dependencies": [
            "aws_key_pair.airflow_instance_key"
          ]
        }
      ]
    },
    {
      "mode": "managed",
      "type": "aws_key_pair",
      "name": "airflow_instance_key",
      "provider": "provider[\"registry.terraform.io/hashicorp/aws\"]",
      "instances": [
        {
          "schema_version": 1,
          "attributes": {
            "arn": "arn:aws:ec2:us-east-1:190249220592:key-pair/airflow_instance_key",
            "fingerprint": "a3:17:40:00:24:93:4c:0d:9a:07:07:e7:84:19:2b:9f",
            "id": "airflow_instance_key",
            "key_name": "airflow_instance_key",
            "key_name_prefix": "",
            "key_pair_id": "key-0edcf44b3907fa43f",
            "key_type": "rsa",
            "public_key": "ssh-rsa AAAAB3NzaC1yc2EAAAADAQABAAACAQCiyF9evobPYwEB6PJ+nPy4yRtpssQQS5WehGx+/sPBPGNgFGOyo3IcBGAP+WZcCAJRWYuNw72Yu/1htjbe5UZb0WEYSeSiAJwrGIem+QPkEtEyrAfj6Nz9rycFyhWFOkbp794FSw5DJfDRkL47zpusqSseK/hjfJUkwfEisEeFxYhPsXP/YKMz8F6ioQWeS/h5pPnO/E23B0TRec3IrguabMIS5cQ30GcVTc7Jfs1+lKTZPzAC6Hdpz7cs47zc2l8sNMjNZFsW4C+AMj7uN89Qfr1NOHVLPQcReJSZBAFbwwu9aYRuB4KLia2X6UiNF+1MOUccS+7HKjVWHZHPmfD5V17lGWmKO7Bs53LRzxjV+D7kRfzFc1OzX26TnBTT+GuIYvEZJwCjp9P+cH4plnYget9MgHADT2wgrDep0KA9NKZCS6C71lKKoKqDfdq8vaVU1u4hvcHhNhbnvMo+N8C4dAKG5QBzkOmucV0xuELUOAxKwzr7yHTmYilrdgHA2ILghXrTufIcJtzJyaiaA9/yl8hbvev42N7A4zTnw4OzPGJORZcpyiZN12Ots64IQUlsxer0Hc9M00olLlZIyS35pi0UCvU9D65ZYFjwc4EghcWQpi+BjOdZbinDW2ESBAM5KZcupw22oU80uVQ1zFbBy31TUzFQrNpGJ99Van/jXw== jaguilar@jaguilar.local",
            "region": "us-east-1",
            "tags": null,
            "tags_all": {}
          },
          "sensitive_attributes": [
            [
              {
                "type": "get_attr",
                "value": "public_key"
              }
            ]
          ],
          "identity_schema_version": 0,
          "private": "eyJzY2hlbWFfdmVyc2lvbiI6IjEifQ=="
        }
      ]
    },
    {
      "mode": "managed",
      "type": "aws_s3_bucket",
      "name": "etl_data_bucket",
      "provider": "provider[\"registry.terraform.io/hashicorp/aws\"]",
      "instances": [
        {
          "schema_version": 0,
          "attributes": {
            "acceleration_status": "",
            "acl": null,
            "arn": "arn:aws:s3:::data-bucket-jaguilar-9",
            "bucket": "data-bucket-jaguilar-9",
            "bucket_domain_name": "data-bucket-jaguilar-9.s3.amazonaws.com",
            "bucket_prefix": "",
            "bucket_region": "us-east-1",
            "bucket_regional_domain_name": "data-bucket-jaguilar-9.s3.us-east-1.amazonaws.com",
            "cors_rule": [],
            "force_destroy": true,
            "grant": [
              {
                "id": "33f4cdb3deabf576de6781156dfd4a30802c90c1d419993af3f41d6ef4c43233",
                "permissions": [
                  "FULL_CONTROL"
                ],
                "type": "CanonicalUser",
                "uri": ""
              }
            ],
            "hosted_zone_id": "Z3AQBSTGFYJSTF",
            "id": "data-bucket-jaguilar-9",
            "lifecycle_rule": [],
            "logging": [],
            "object_lock_configuration": [],
            "object_lock_enabled": false,
            "policy": "",
            "region": "us-east-1",
            "replication_configuration": [],
            "request_payer": "BucketOwner",
            "server_side_encryption_configuration": [
              {
                "rule": [
                  {
                    "apply_server_side_encryption_by_default": [
                      {
                        "kms_master_key_id": "",
                        "sse_algorithm": "AES256"
                      }
                    ],
                    "bucket_key_enabled": false
                  }
                ]
              }
            ],
            "tags": {
              "Environment": "portfolio",
              "Name": "data_bucket_jose"
            },
            "tags_all": {
              "Environment": "portfolio",
              "Name": "data_bucket_jose"
            },
            "timeouts": null,
            "versioning": [
              {
                "enabled": false,
                "mfa_delete": false
              }
            ],
            "website": [],
            "website_domain": null,
            "website_endpoint": null
          },
          "sensitive_attributes": [],
          "identity_schema_version": 0,
          "identity": {
            "account_id": "190249220592",
            "bucket": "data-bucket-jaguilar-9",
            "region": "us-east-1"
          },
          "private": "eyJlMmJmYjczMC1lY2FhLTExZTYtOGY4OC0zNDM2M2JjN2M0YzAiOnsiY3JlYXRlIjoxMjAwMDAwMDAwMDAwLCJkZWxldGUiOjM2MDAwMDAwMDAwMDAsInJlYWQiOjEyMDAwMDAwMDAwMDAsInVwZGF0ZSI6MTIwMDAwMDAwMDAwMH19"
        }
      ]
    }
  ],
  "check_results": null
}
